
Microsoft Visual Studio Solution File, Format Version 12.00
# Visual Studio Version 17
VisualStudioVersion = 17.7.34031.279
MinimumVisualStudioVersion = 10.0.40219.1
Project("{FAE04EC0-301F-11D3-BF4B-00C04F79EFBC}") = "PurchaseParadise.Api", "PurchaseParadise.Api\PurchaseParadise.Api.csproj", "{737C1ACB-872A-4C99-AC92-AB27BF00EBDA}"
EndProject
Project("{FAE04EC0-301F-11D3-BF4B-00C04F79EFBC}") = "PurchaseParadise.Core", "PurchaseParadise.Core\PurchaseParadise.Core.csproj", "{6927A6D1-133A-48B3-97AA-F73C5087A518}"
EndProject
Project("{FAE04EC0-301F-11D3-BF4B-00C04F79EFBC}") = "PurchaseParadise.Infrastructure", "PurchaseParadise.Infrastructure\PurchaseParadise.Infrastructure.csproj", "{12D538A5-AA19-4DD4-9966-040A6EC7E425}"
EndProject
Global
	GlobalSection(SolutionConfigurationPlatforms) = preSolution
		Debug|Any CPU = Debug|Any CPU
		Release|Any CPU = Release|Any CPU
	EndGlobalSection
	GlobalSection(ProjectConfigurationPlatforms) = postSolution
		{737C1ACB-872A-4C99-AC92-AB27BF00EBDA}.Debug|Any CPU.ActiveCfg = Debug|Any CPU
		{737C1ACB-872A-4C99-AC92-AB27BF00EBDA}.Debug|Any CPU.Build.0 = Debug|Any CPU
		{737C1ACB-872A-4C99-AC92-AB27BF00EBDA}.Release|Any CPU.ActiveCfg = Release|Any CPU
		{737C1ACB-872A-4C99-AC92-AB27BF00EBDA}.Release|Any CPU.Build.0 = Release|Any CPU
		{6927A6D1-133A-48B3-97AA-F73C5087A518}.Debug|Any CPU.ActiveCfg = Debug|Any CPU
		{6927A6D1-133A-48B3-97AA-F73C5087A518}.Debug|Any CPU.Build.0 = Debug|Any CPU
		{6927A6D1-133A-48B3-97AA-F73C5087A518}.Release|Any CPU.ActiveCfg = Release|Any CPU
		{6927A6D1-133A-48B3-97AA-F73C5087A518}.Release|Any CPU.Build.0 = Release|Any CPU
		{12D538A5-AA19-4DD4-9966-040A6EC7E425}.Debug|Any CPU.ActiveCfg = Debug|Any CPU
		{12D538A5-AA19-4DD4-9966-040A6EC7E425}.Debug|Any CPU.Build.0 = Debug|Any CPU
		{12D538A5-AA19-4DD4-9966-040A6EC7E425}.Release|Any CPU.ActiveCfg = Release|Any CPU
		{12D538A5-AA19-4DD4-9966-040A6EC7E425}.Release|Any CPU.Build.0 = Release|Any CPU
	EndGlobalSection
	GlobalSection(SolutionProperties) = preSolution
		HideSolutionNode = FALSE
	EndGlobalSection
	GlobalSection(ExtensibilityGlobals) = postSolution
		SolutionGuid = {39E306C0-0D49-41DC-8F29-E18B4154DA9D}
	EndGlobalSection
EndGlobal
